// !$*UTF8*$!
{
	archiveVersion = 1;
	classes = {
	};
	objectVersion = 46;
	objects = {

/* Begin PBXBuildFile section */
		2D89BA8C16038EB50040A08C /* UIKit.framework in Frameworks */ = {isa = PBXBuildFile; fileRef = 2D89BA8B16038EB50040A08C /* UIKit.framework */; };
		2D89BA8E16038EB50040A08C /* Foundation.framework in Frameworks */ = {isa = PBXBuildFile; fileRef = 2D89BA8D16038EB50040A08C /* Foundation.framework */; };
		2D89BA9016038EB50040A08C /* CoreGraphics.framework in Frameworks */ = {isa = PBXBuildFile; fileRef = 2D89BA8F16038EB50040A08C /* CoreGraphics.framework */; };
		2D89BA9616038EB50040A08C /* InfoPlist.strings in Resources */ = {isa = PBXBuildFile; fileRef = 2D89BA9416038EB50040A08C /* InfoPlist.strings */; };
		2D89BA9816038EB50040A08C /* main.m in Sources */ = {isa = PBXBuildFile; fileRef = 2D89BA9716038EB50040A08C /* main.m */; };
		2D89BA9C16038EB50040A08C /* HelloWorldAppDelegate.m in Sources */ = {isa = PBXBuildFile; fileRef = 2D89BA9B16038EB50040A08C /* HelloWorldAppDelegate.m */; };
		2D89BA9F16038EB50040A08C /* MainStoryboard.storyboard in Resources */ = {isa = PBXBuildFile; fileRef = 2D89BA9D16038EB50040A08C /* MainStoryboard.storyboard */; };
		2D89BAA216038EB50040A08C /* HelloWorldViewController.m in Sources */ = {isa = PBXBuildFile; fileRef = 2D89BAA116038EB50040A08C /* HelloWorldViewController.m */; };
/* End PBXBuildFile section */

/* Begin PBXFileReference section */
		2D89BA8716038EB50040A08C /* Hello-World.app */ = {isa = PBXFileReference; explicitFileType = wrapper.application; includeInIndex = 0; path = "Hello-World.app"; sourceTree = BUILT_PRODUCTS_DIR; };
		2D89BA8B16038EB50040A08C /* UIKit.framework */ = {isa = PBXFileReference; lastKnownFileType = wrapper.framework; name = UIKit.framework; path = System/Library/Frameworks/UIKit.framework; sourceTree = SDKROOT; };
		2D89BA8D16038EB50040A08C /* Foundation.framework */ = {isa = PBXFileReference; lastKnownFileType = wrapper.framework; name = Foundation.framework; path = System/Library/Frameworks/Foundation.framework; sourceTree = SDKROOT; };
		2D89BA8F16038EB50040A08C /* CoreGraphics.framework */ = {isa = PBXFileReference; lastKnownFileType = wrapper.framework; name = CoreGraphics.framework; path = System/Library/Frameworks/CoreGraphics.framework; sourceTree = SDKROOT; };
		2D89BA9316038EB50040A08C /* Hello-World-Info.plist */ = {isa = PBXFileReference; lastKnownFileType = text.plist.xml; path = "Hello-World-Info.plist"; sourceTree = "<group>"; };
		2D89BA9516038EB50040A08C /* en */ = {isa = PBXFileReference; lastKnownFileType = text.plist.strings; name = en; path = en.lproj/InfoPlist.strings; sourceTree = "<group>"; };
		2D89BA9716038EB50040A08C /* main.m */ = {isa = PBXFileReference; lastKnownFileType = sourcecode.c.objc; path = main.m; sourceTree = "<group>"; };
		2D89BA9916038EB50040A08C /* Hello-World-Prefix.pch */ = {isa = PBXFileReference; lastKnownFileType = sourcecode.c.h; path = "Hello-World-Prefix.pch"; sourceTree = "<group>"; };
		2D89BA9A16038EB50040A08C /* HelloWorldAppDelegate.h */ = {isa = PBXFileReference; lastKnownFileType = sourcecode.c.h; path = HelloWorldAppDelegate.h; sourceTree = "<group>"; };
		2D89BA9B16038EB50040A08C /* HelloWorldAppDelegate.m */ = {isa = PBXFileReference; lastKnownFileType = sourcecode.c.objc; path = HelloWorldAppDelegate.m; sourceTree = "<group>"; };
		2D89BA9E16038EB50040A08C /* en */ = {isa = PBXFileReference; lastKnownFileType = file.storyboard; name = en; path = en.lproj/MainStoryboard.storyboard; sourceTree = "<group>"; };
		2D89BAA016038EB50040A08C /* HelloWorldViewController.h */ = {isa = PBXFileReference; lastKnownFileType = sourcecode.c.h; path = HelloWorldViewController.h; sourceTree = "<group>"; };
		2D89BAA116038EB50040A08C /* HelloWorldViewController.m */ = {isa = PBXFileReference; lastKnownFileType = sourcecode.c.objc; path = HelloWorldViewController.m; sourceTree = "<group>"; };
/* End PBXFileReference section */

/* Begin PBXFrameworksBuildPhase section */
		2D89BA8416038EB50040A08C /* Frameworks */ = {
			isa = PBXFrameworksBuildPhase;
			buildActionMask = 2147483647;
			files = (
				2D89BA8C16038EB50040A08C /* UIKit.framework in Frameworks */,
				2D89BA8E16038EB50040A08C /* Foundation.framework in Frameworks */,
				2D89BA9016038EB50040A08C /* CoreGraphics.framework in Frameworks */,
			);
			runOnlyForDeploymentPostprocessing = 0;
		};
/* End PBXFrameworksBuildPhase section */

/* Begin PBXGroup section */
		2D89BA7C16038EB50040A08C = {
			isa = PBXGroup;
			children = (
				2D89BA9116038EB50040A08C /* Hello-World */,
				2D89BA8A16038EB50040A08C /* Frameworks */,
				2D89BA8816038EB50040A08C /* Products */,
			);
			sourceTree = "<group>";
		};
		2D89BA8816038EB50040A08C /* Products */ = {
			isa = PBXGroup;
			children = (
				2D89BA8716038EB50040A08C /* Hello-World.app */,
			);
			name = Products;
			sourceTree = "<group>";
		};
		2D89BA8A16038EB50040A08C /* Frameworks */ = {
			isa = PBXGroup;
			children = (
				2D89BA8B16038EB50040A08C /* UIKit.framework */,
				2D89BA8D16038EB50040A08C /* Foundation.framework */,
				2D89BA8F16038EB50040A08C /* CoreGraphics.framework */,
			);
			name = Frameworks;
			sourceTree = "<group>";
		};
		2D89BA9116038EB50040A08C /* Hello-World */ = {
			isa = PBXGroup;
			children = (
				2D89BA9A16038EB50040A08C /* HelloWorldAppDelegate.h */,
				2D89BA9B16038EB50040A08C /* HelloWorldAppDelegate.m */,
				2D89BA9D16038EB50040A08C /* MainStoryboard.storyboard */,
				2D89BAA016038EB50040A08C /* HelloWorldViewController.h */,
				2D89BAA116038EB50040A08C /* HelloWorldViewController.m */,
				2D89BA9216038EB50040A08C /* Supporting Files */,
			);
			path = "Hello-World";
			sourceTree = "<group>";
		};
		2D89BA9216038EB50040A08C /* Supporting Files */ = {
			isa = PBXGroup;
			children = (
				2D89BA9316038EB50040A08C /* Hello-World-Info.plist */,
				2D89BA9416038EB50040A08C /* InfoPlist.strings */,
				2D89BA9716038EB50040A08C /* main.m */,
				2D89BA9916038EB50040A08C /* Hello-World-Prefix.pch */,
			);
			name = "Supporting Files";
			sourceTree = "<group>";
		};
/* End PBXGroup section */

/* Begin PBXNativeTarget section */
		2D89BA8616038EB50040A08C /* Hello-World */ = {
			isa = PBXNativeTarget;
			buildConfigurationList = 2D89BAA516038EB50040A08C /* Build configuration list for PBXNativeTarget "Hello-World" */;
			buildPhases = (
				2D89BA8316038EB50040A08C /* Sources */,
				2D89BA8416038EB50040A08C /* Frameworks */,
				2D89BA8516038EB50040A08C /* Resources */,
			);
			buildRules = (
			);
			dependencies = (
			);
			name = "Hello-World";
			productName = "Hello-World";
			productReference = 2D89BA8716038EB50040A08C /* Hello-World.app */;
			productType = "com.apple.product-type.application";
		};
/* End PBXNativeTarget section */

/* Begin PBXProject section */
		2D89BA7E16038EB50040A08C /* Project object */ = {
			isa = PBXProject;
			attributes = {
				CLASSPREFIX = HelloWorld;
				LastUpgradeCheck = 0440;
				ORGANIZATIONNAME = oz;
			};
			buildConfigurationList = 2D89BA8116038EB50040A08C /* Build configuration list for PBXProject "Hello-World" */;
			compatibilityVersion = "Xcode 3.2";
			developmentRegion = English;
			hasScannedForEncodings = 0;
			knownRegions = (
				en,
			);
			mainGroup = 2D89BA7C16038EB50040A08C;
			productRefGroup = 2D89BA8816038EB50040A08C /* Products */;
			projectDirPath = "";
			projectRoot = "";
			targets = (
				2D89BA8616038EB50040A08C /* Hello-World */,
			);
		};
/* End PBXProject section */

/* Begin PBXResourcesBuildPhase section */
		2D89BA8516038EB50040A08C /* Resources */ = {
			isa = PBXResourcesBuildPhase;
			buildActionMask = 2147483647;
			files = (
				2D89BA9616038EB50040A08C /* InfoPlist.strings in Resources */,
				2D89BA9F16038EB50040A08C /* MainStoryboard.storyboard in Resources */,
			);
			runOnlyForDeploymentPostprocessing = 0;
		};
/* End PBXResourcesBuildPhase section */

/* Begin PBXSourcesBuildPhase section */
		2D89BA8316038EB50040A08C /* Sources */ = {
			isa = PBXSourcesBuildPhase;
			buildActionMask = 2147483647;
			files = (
				2D89BA9816038EB50040A08C /* main.m in Sources */,
				2D89BA9C16038EB50040A08C /* HelloWorldAppDelegate.m in Sources */,
				2D89BAA216038EB50040A08C /* HelloWorldViewController.m in Sources */,
			);
			runOnlyForDeploymentPostprocessing = 0;
		};
/* End PBXSourcesBuildPhase section */

/* Begin PBXVariantGroup section */
		2D89BA9416038EB50040A08C /* InfoPlist.strings */ = {
			isa = PBXVariantGroup;
			children = (
				2D89BA9516038EB50040A08C /* en */,
			);
			name = InfoPlist.strings;
			sourceTree = "<group>";
		};
		2D89BA9D16038EB50040A08C /* MainStoryboard.storyboard */ = {
			isa = PBXVariantGroup;
			children = (
				2D89BA9E16038EB50040A08C /* en */,
			);
			name = MainStoryboard.storyboard;
			sourceTree = "<group>";
		};
/* End PBXVariantGroup section */

/* Begin XCBuildConfiguration section */
		2D89BAA316038EB50040A08C /* Debug */ = {
			isa = XCBuildConfiguration;
			buildSettings = {
				ALWAYS_SEARCH_USER_PATHS = NO;
				ARCHS = "$(ARCHS_STANDARD_32_BIT)";
				CLANG_CXX_LANGUAGE_STANDARD = "gnu++0x";
				CLANG_ENABLE_OBJC_ARC = YES;
				CLANG_WARN__DUPLICATE_METHOD_MATCH = YES;
				"CODE_SIGN_IDENTITY[sdk=iphoneos*]" = "iPhone Developer";
				COPY_PHASE_STRIP = NO;
				GCC_C_LANGUAGE_STANDARD = gnu99;
				GCC_DYNAMIC_NO_PIC = NO;
				GCC_OPTIMIZATION_LEVEL = 0;
				GCC_PREPROCESSOR_DEFINITIONS = (
					"DEBUG=1",
					"$(inherited)",
				);
				GCC_SYMBOLS_PRIVATE_EXTERN = NO;
				GCC_VERSION = com.apple.compilers.llvm.clang.1_0;
				GCC_WARN_ABOUT_RETURN_TYPE = YES;
				GCC_WARN_UNINITIALIZED_AUTOS = YES;
				GCC_WARN_UNUSED_VARIABLE = YES;
				IPHONEOS_DEPLOYMENT_TARGET = 5.1;
				SDKROOT = iphoneos;
			};
			name = Debug;
		};
		2D89BAA416038EB50040A08C /* Release */ = {
			isa = XCBuildConfiguration;
			buildSettings = {
				ALWAYS_SEARCH_USER_PATHS = NO;
				ARCHS = "$(ARCHS_STANDARD_32_BIT)";
				CLANG_CXX_LANGUAGE_STANDARD = "gnu++0x";
				CLANG_ENABLE_OBJC_ARC = YES;
				CLANG_WARN__DUPLICATE_METHOD_MATCH = YES;
				"CODE_SIGN_IDENTITY[sdk=iphoneos*]" = "iPhone Developer";
				COPY_PHASE_STRIP = YES;
				GCC_C_LANGUAGE_STANDARD = gnu99;
				GCC_VERSION = com.apple.compilers.llvm.clang.1_0;
				GCC_WARN_ABOUT_RETURN_TYPE = YES;
				GCC_WARN_UNINITIALIZED_AUTOS = YES;
				GCC_WARN_UNUSED_VARIABLE = YES;
				IPHONEOS_DEPLOYMENT_TARGET = 5.1;
				OTHER_CFLAGS = "-DNS_BLOCK_ASSERTIONS=1";
				SDKROOT = iphoneos;
				VALIDATE_PRODUCT = YES;
			};
			name = Release;
		};
		2D89BAA616038EB50040A08C /* Debug */ = {
			isa = XCBuildConfiguration;
			buildSettings = {
				GCC_PRECOMPILE_PREFIX_HEADER = YES;
				GCC_PREFIX_HEADER = "Hello-World/Hello-World-Prefix.pch";
				INFOPLIST_FILE = "Hello-World/Hello-World-Info.plist";
				PRODUCT_NAME = "$(TARGET_NAME)";
				WRAPPER_EXTENSION = app;
			};
			name = Debug;
		};
		2D89BAA716038EB50040A08C /* Release */ = {
			isa = XCBuildConfiguration;
			buildSettings = {
				GCC_PRECOMPILE_PREFIX_HEADER = YES;
				GCC_PREFIX_HEADER = "Hello-World/Hello-World-Prefix.pch";
				INFOPLIST_FILE = "Hello-World/Hello-World-Info.plist";
				PRODUCT_NAME = "$(TARGET_NAME)";
				WRAPPER_EXTENSION = app;
			};
			name = Release;
		};
/* End XCBuildConfiguration section */

/* Begin XCConfigurationList section */
		2D89BA8116038EB50040A08C /* Build configuration list for PBXProject "Hello-World" */ = {
			isa = XCConfigurationList;
			buildConfigurations = (
				2D89BAA316038EB50040A08C /* Debug */,
				2D89BAA416038EB50040A08C /* Release */,
			);
			defaultConfigurationIsVisible = 0;
			defaultConfigurationName = Release;
		};
		2D89BAA516038EB50040A08C /* Build configuration list for PBXNativeTarget "Hello-World" */ = {
			isa = XCConfigurationList;
			buildConfigurations = (
				2D89BAA616038EB50040A08C /* Debug */,
				2D89BAA716038EB50040A08C /* Release */,
			);
			defaultConfigurationIsVisible = 0;
		};
/* End XCConfigurationList section */
	};
	rootObject = 2D89BA7E16038EB50040A08C /* Project object */;
}
